// !$*UTF8*$!
{
	archiveVersion = 1;
	classes = {
	};
	objectVersion = 51;
	objects = {

/* Begin PBXBuildFile section */
		60084BA524E4E96D004131D6 /* SearchResult.swift in Sources */ = {isa = PBXBuildFile; fileRef = 60084BA424E4E96D004131D6 /* SearchResult.swift */; };
		60139FC824BEB3B300B3E42E /* ScannerViewController.swift in Sources */ = {isa = PBXBuildFile; fileRef = 60139FC724BEB3B300B3E42E /* ScannerViewController.swift */; };
		60139FCE24BF6CF400B3E42E /* ScannerViewControllerRepresentable.swift in Sources */ = {isa = PBXBuildFile; fileRef = 60139FCD24BF6CF400B3E42E /* ScannerViewControllerRepresentable.swift */; };
		6017FDFA24FC97B3006E7A8B /* AddBarcodeView.swift in Sources */ = {isa = PBXBuildFile; fileRef = 6017FDF924FC97B3006E7A8B /* AddBarcodeView.swift */; };
		60180C7E24E7124E00580F45 /* SearchResultsItemView.swift in Sources */ = {isa = PBXBuildFile; fileRef = 60180C7D24E7124E00580F45 /* SearchResultsItemView.swift */; };
		60180C8024E72A2E00580F45 /* SearchResultObservable.swift in Sources */ = {isa = PBXBuildFile; fileRef = 60180C7F24E72A2E00580F45 /* SearchResultObservable.swift */; };
		60180C8424E8814E00580F45 /* SearchDetailsView.swift in Sources */ = {isa = PBXBuildFile; fileRef = 60180C8324E8814E00580F45 /* SearchDetailsView.swift */; };
		6029F46124F1C38F00C5CA25 /* ImageHelper.swift in Sources */ = {isa = PBXBuildFile; fileRef = 6029F46024F1C38F00C5CA25 /* ImageHelper.swift */; };
		6052C13824B9077300349F49 /* AppDelegate.swift in Sources */ = {isa = PBXBuildFile; fileRef = 6052C13724B9077300349F49 /* AppDelegate.swift */; };
		6052C13A24B9077300349F49 /* SceneDelegate.swift in Sources */ = {isa = PBXBuildFile; fileRef = 6052C13924B9077300349F49 /* SceneDelegate.swift */; };
		6052C13D24B9077300349F49 /* GameComparison.xcdatamodeld in Sources */ = {isa = PBXBuildFile; fileRef = 6052C13B24B9077300349F49 /* GameComparison.xcdatamodeld */; };
		6052C13F24B9077300349F49 /* ContentView.swift in Sources */ = {isa = PBXBuildFile; fileRef = 6052C13E24B9077300349F49 /* ContentView.swift */; };
		6052C14124B9077400349F49 /* Assets.xcassets in Resources */ = {isa = PBXBuildFile; fileRef = 6052C14024B9077400349F49 /* Assets.xcassets */; };
		6052C14424B9077400349F49 /* Preview Assets.xcassets in Resources */ = {isa = PBXBuildFile; fileRef = 6052C14324B9077400349F49 /* Preview Assets.xcassets */; };
		6052C14724B9077400349F49 /* LaunchScreen.storyboard in Resources */ = {isa = PBXBuildFile; fileRef = 6052C14524B9077400349F49 /* LaunchScreen.storyboard */; };
		6052C15224B9077400349F49 /* GameComparisonTests.swift in Sources */ = {isa = PBXBuildFile; fileRef = 6052C15124B9077400349F49 /* GameComparisonTests.swift */; };
		6052C15D24B9077400349F49 /* GameComparisonUITests.swift in Sources */ = {isa = PBXBuildFile; fileRef = 6052C15C24B9077400349F49 /* GameComparisonUITests.swift */; };
		6069BC8C24E9DDD9006B18BE /* GameComparison.swift in Sources */ = {isa = PBXBuildFile; fileRef = 6069BC8B24E9DDD9006B18BE /* GameComparison.swift */; };
		6073352224C86B7900149440 /* ScannerView.swift in Sources */ = {isa = PBXBuildFile; fileRef = 6073352124C86B7900149440 /* ScannerView.swift */; };
		6073353924D11B6F00149440 /* API.swift in Sources */ = {isa = PBXBuildFile; fileRef = 6073353824D11B6F00149440 /* API.swift */; };
		6073353D24D26E4500149440 /* ListItem.swift in Sources */ = {isa = PBXBuildFile; fileRef = 6073353C24D26E4500149440 /* ListItem.swift */; };
		6073354324D3C0A500149440 /* data.swift in Sources */ = {isa = PBXBuildFile; fileRef = 6073354224D3C0A500149440 /* data.swift */; };
		6073354424D3C3C200149440 /* collection.json in Resources */ = {isa = PBXBuildFile; fileRef = 6073354124D3BF8C00149440 /* collection.json */; };
		6073354624D3CC4900149440 /* ListDetail.swift in Sources */ = {isa = PBXBuildFile; fileRef = 6073354524D3CC4900149440 /* ListDetail.swift */; };
		6073354824D3CDDC00149440 /* GameCoverImage.swift in Sources */ = {isa = PBXBuildFile; fileRef = 6073354724D3CDDC00149440 /* GameCoverImage.swift */; };
		6073357E24D4C76900149440 /* Game+CoreDataClass.swift in Sources */ = {isa = PBXBuildFile; fileRef = 6073357A24D4C76900149440 /* Game+CoreDataClass.swift */; };
		6073357F24D4C76900149440 /* Game+CoreDataProperties.swift in Sources */ = {isa = PBXBuildFile; fileRef = 6073357B24D4C76900149440 /* Game+CoreDataProperties.swift */; };
		6073358024D4C76900149440 /* GameStatistics+CoreDataClass.swift in Sources */ = {isa = PBXBuildFile; fileRef = 6073357C24D4C76900149440 /* GameStatistics+CoreDataClass.swift */; };
		6073358124D4C76900149440 /* GameStatistics+CoreDataProperties.swift in Sources */ = {isa = PBXBuildFile; fileRef = 6073357D24D4C76900149440 /* GameStatistics+CoreDataProperties.swift */; };
		6073358324D5203100149440 /* NetworkService.swift in Sources */ = {isa = PBXBuildFile; fileRef = 6073358224D5203100149440 /* NetworkService.swift */; };
		6073358524D5231000149440 /* CoreDataService.swift in Sources */ = {isa = PBXBuildFile; fileRef = 6073358424D5231000149440 /* CoreDataService.swift */; };
		6073358724D8BFD700149440 /* Library.swift in Sources */ = {isa = PBXBuildFile; fileRef = 6073358624D8BFD700149440 /* Library.swift */; };
		6086D4B2251993E100822CB1 /* QueryStringParameters.swift in Sources */ = {isa = PBXBuildFile; fileRef = 6086D4B1251993E100822CB1 /* QueryStringParameters.swift */; };
		608E030A251D3A0A00E9CB6A /* GoogleService-Info.plist in Resources */ = {isa = PBXBuildFile; fileRef = 608E0309251D3A0A00E9CB6A /* GoogleService-Info.plist */; };
		608E035D252541A400E9CB6A /* CustomError.swift in Sources */ = {isa = PBXBuildFile; fileRef = 608E035C252541A400E9CB6A /* CustomError.swift */; };
		6093B0B9251A3115001CB8B2 /* AnalysticsService.swift in Sources */ = {isa = PBXBuildFile; fileRef = 6093B0B8251A3115001CB8B2 /* AnalysticsService.swift */; };
		609572D224E5DA2D00EB257C /* SearchResultsView.swift in Sources */ = {isa = PBXBuildFile; fileRef = 609572D124E5DA2D00EB257C /* SearchResultsView.swift */; };
		609572D424E62E1500EB257C /* searchResultsPreviewData.json in Resources */ = {isa = PBXBuildFile; fileRef = 609572D324E62E1500EB257C /* searchResultsPreviewData.json */; };
		609572D624E702DD00EB257C /* SearchByTitleView.swift in Sources */ = {isa = PBXBuildFile; fileRef = 609572D524E702DD00EB257C /* SearchByTitleView.swift */; };
		60C364B4250AB3EA00145987 /* HTMLView.swift in Sources */ = {isa = PBXBuildFile; fileRef = 60C364B3250AB3EA00145987 /* HTMLView.swift */; };
		60C364B9250D646100145987 /* KeychainItemAccessibility.swift in Sources */ = {isa = PBXBuildFile; fileRef = 60C364B8250D646100145987 /* KeychainItemAccessibility.swift */; };
		60C364BB250D648700145987 /* KeychainWrapper.swift in Sources */ = {isa = PBXBuildFile; fileRef = 60C364BA250D648700145987 /* KeychainWrapper.swift */; };
		60C364BD250D6F6400145987 /* Consts.swift in Sources */ = {isa = PBXBuildFile; fileRef = 60C364BC250D6F6400145987 /* Consts.swift */; };
		60C364BF250DD4DB00145987 /* TermsOfUseView.swift in Sources */ = {isa = PBXBuildFile; fileRef = 60C364BE250DD4DB00145987 /* TermsOfUseView.swift */; };
		60C364C1250F088F00145987 /* UserDefaultService.swift in Sources */ = {isa = PBXBuildFile; fileRef = 60C364C0250F088F00145987 /* UserDefaultService.swift */; };
		60C364C32510442300145987 /* TransparentNavigationViewStyle.swift in Sources */ = {isa = PBXBuildFile; fileRef = 60C364C22510442300145987 /* TransparentNavigationViewStyle.swift */; };
		60C364C625155BF000145987 /* ActivityIndicator.swift in Sources */ = {isa = PBXBuildFile; fileRef = 60C364C525155BF000145987 /* ActivityIndicator.swift */; };
		60C364C825155C3100145987 /* LoadingView.swift in Sources */ = {isa = PBXBuildFile; fileRef = 60C364C725155C3100145987 /* LoadingView.swift */; };
		60D27A072505954100D85276 /* MenuView.swift in Sources */ = {isa = PBXBuildFile; fileRef = 60D27A062505954100D85276 /* MenuView.swift */; };
		60D27A092505955700D85276 /* AboutView.swift in Sources */ = {isa = PBXBuildFile; fileRef = 60D27A082505955700D85276 /* AboutView.swift */; };
		60D27A0C250824A500D85276 /* HamburgerButtonView.swift in Sources */ = {isa = PBXBuildFile; fileRef = 60D27A0B250824A500D85276 /* HamburgerButtonView.swift */; };
		60D2900F252FA3F1007C3E8E /* TermsOfUse.txt in Resources */ = {isa = PBXBuildFile; fileRef = 60D2900E252FA3F0007C3E8E /* TermsOfUse.txt */; };
		60D6599424ECD13700E233D8 /* LibraryStats.swift in Sources */ = {isa = PBXBuildFile; fileRef = 60D6599324ECD13700E233D8 /* LibraryStats.swift */; };
		60D6599624ED8A5F00E233D8 /* gamecomparison.json in Resources */ = {isa = PBXBuildFile; fileRef = 60D6599524ED8A5F00E233D8 /* gamecomparison.json */; };
		60D6599824EDDCD100E233D8 /* ComparsionRowView.swift in Sources */ = {isa = PBXBuildFile; fileRef = 60D6599724EDDCD100E233D8 /* ComparsionRowView.swift */; };
		60E8431824C63F3C00D68893 /* HomeView.swift in Sources */ = {isa = PBXBuildFile; fileRef = 60E8431724C63F3C00D68893 /* HomeView.swift */; };
		60E8431A24C7B38400D68893 /* CloseButtonView.swift in Sources */ = {isa = PBXBuildFile; fileRef = 60E8431924C7B38400D68893 /* CloseButtonView.swift */; };
		60FCF8C925258044008B074B /* readme.txt in Resources */ = {isa = PBXBuildFile; fileRef = 60FCF8C825258044008B074B /* readme.txt */; };
		60FCF8D525258072008B074B /* CDSideMenuConfiguration.swift in Sources */ = {isa = PBXBuildFile; fileRef = 60FCF8D125258071008B074B /* CDSideMenuConfiguration.swift */; };
		60FCF8D625258072008B074B /* CDSideMenuNotification.swift in Sources */ = {isa = PBXBuildFile; fileRef = 60FCF8D225258071008B074B /* CDSideMenuNotification.swift */; };
		60FCF8D725258072008B074B /* CDUserData.swift in Sources */ = {isa = PBXBuildFile; fileRef = 60FCF8D325258072008B074B /* CDUserData.swift */; };
		60FCF8D825258072008B074B /* CDSideMenuItem.swift in Sources */ = {isa = PBXBuildFile; fileRef = 60FCF8D425258072008B074B /* CDSideMenuItem.swift */; };
		60FCF8E32525808B008B074B /* CDSideMenuButton.swift in Sources */ = {isa = PBXBuildFile; fileRef = 60FCF8DD2525808B008B074B /* CDSideMenuButton.swift */; };
		60FCF8E42525808B008B074B /* CDSideMenuItemList.swift in Sources */ = {isa = PBXBuildFile; fileRef = 60FCF8DE2525808B008B074B /* CDSideMenuItemList.swift */; };
		60FCF8E52525808B008B074B /* CDSideMenuView.swift in Sources */ = {isa = PBXBuildFile; fileRef = 60FCF8DF2525808B008B074B /* CDSideMenuView.swift */; };
		60FCF8E62525808B008B074B /* CDSideMenuAccountView.swift in Sources */ = {isa = PBXBuildFile; fileRef = 60FCF8E02525808B008B074B /* CDSideMenuAccountView.swift */; };
		60FCF8E72525808B008B074B /* CDSideMenuRow.swift in Sources */ = {isa = PBXBuildFile; fileRef = 60FCF8E12525808B008B074B /* CDSideMenuRow.swift */; };
		60FCF8E82525808B008B074B /* CDSideMenuMainView.swift in Sources */ = {isa = PBXBuildFile; fileRef = 60FCF8E22525808B008B074B /* CDSideMenuMainView.swift */; };
		60FCF8EF252580A0008B074B /* Color.swift in Sources */ = {isa = PBXBuildFile; fileRef = 60FCF8ED252580A0008B074B /* Color.swift */; };
		60FCF8F0252580A0008B074B /* String.swift in Sources */ = {isa = PBXBuildFile; fileRef = 60FCF8EE252580A0008B074B /* String.swift */; };
		60FCF8F7252580B3008B074B /* CDSideMenuViewModifiers.swift in Sources */ = {isa = PBXBuildFile; fileRef = 60FCF8F5252580B3008B074B /* CDSideMenuViewModifiers.swift */; };
		60FCF8F8252580B3008B074B /* CDViewsModifier.swift in Sources */ = {isa = PBXBuildFile; fileRef = 60FCF8F6252580B3008B074B /* CDViewsModifier.swift */; };
		60FCF90125282059008B074B /* MenuHelper.swift in Sources */ = {isa = PBXBuildFile; fileRef = 60FCF90025282059008B074B /* MenuHelper.swift */; };
		75E28B99362642FED5CD55FE /* Pods_GameComparison_GameComparisonUITests.framework in Frameworks */ = {isa = PBXBuildFile; fileRef = 735E42EAEB24F791FC49075D /* Pods_GameComparison_GameComparisonUITests.framework */; };
		98ACBE1F16469FD42AC7D944 /* Pods_GameComparison.framework in Frameworks */ = {isa = PBXBuildFile; fileRef = 4C6087814728D766685DD8A8 /* Pods_GameComparison.framework */; };
		9F3FEA282D4717D48883ADEB /* Pods_GameComparisonTests.framework in Frameworks */ = {isa = PBXBuildFile; fileRef = 9CF71E6691A24F38C1F8BAF8 /* Pods_GameComparisonTests.framework */; };
/* End PBXBuildFile section */

/* Begin PBXContainerItemProxy section */
		6052C14E24B9077400349F49 /* PBXContainerItemProxy */ = {
			isa = PBXContainerItemProxy;
			containerPortal = 6052C12C24B9077300349F49 /* Project object */;
			proxyType = 1;
			remoteGlobalIDString = 6052C13324B9077300349F49;
			remoteInfo = GameComparison;
		};
		6052C15924B9077400349F49 /* PBXContainerItemProxy */ = {
			isa = PBXContainerItemProxy;
			containerPortal = 6052C12C24B9077300349F49 /* Project object */;
			proxyType = 1;
			remoteGlobalIDString = 6052C13324B9077300349F49;
			remoteInfo = GameComparison;
		};
/* End PBXContainerItemProxy section */

/* Begin PBXFileReference section */
		2AA413960CB20E144521614D /* Pods-GameComparison.debug.xcconfig */ = {isa = PBXFileReference; includeInIndex = 1; lastKnownFileType = text.xcconfig; name = "Pods-GameComparison.debug.xcconfig"; path = "Target Support Files/Pods-GameComparison/Pods-GameComparison.debug.xcconfig"; sourceTree = "<group>"; };
		41205C6662F15BA4BC3259FA /* Pods-GameComparisonTests.debug.xcconfig */ = {isa = PBXFileReference; includeInIndex = 1; lastKnownFileType = text.xcconfig; name = "Pods-GameComparisonTests.debug.xcconfig"; path = "Target Support Files/Pods-GameComparisonTests/Pods-GameComparisonTests.debug.xcconfig"; sourceTree = "<group>"; };
		4C6087814728D766685DD8A8 /* Pods_GameComparison.framework */ = {isa = PBXFileReference; explicitFileType = wrapper.framework; includeInIndex = 0; path = Pods_GameComparison.framework; sourceTree = BUILT_PRODUCTS_DIR; };
		60084BA424E4E96D004131D6 /* SearchResult.swift */ = {isa = PBXFileReference; lastKnownFileType = sourcecode.swift; path = SearchResult.swift; sourceTree = "<group>"; };
		60139FC724BEB3B300B3E42E /* ScannerViewController.swift */ = {isa = PBXFileReference; lastKnownFileType = sourcecode.swift; path = ScannerViewController.swift; sourceTree = "<group>"; };
		60139FCD24BF6CF400B3E42E /* ScannerViewControllerRepresentable.swift */ = {isa = PBXFileReference; lastKnownFileType = sourcecode.swift; path = ScannerViewControllerRepresentable.swift; sourceTree = "<group>"; };
		6017FDF924FC97B3006E7A8B /* AddBarcodeView.swift */ = {isa = PBXFileReference; lastKnownFileType = sourcecode.swift; path = AddBarcodeView.swift; sourceTree = "<group>"; };
		60180C7D24E7124E00580F45 /* SearchResultsItemView.swift */ = {isa = PBXFileReference; lastKnownFileType = sourcecode.swift; path = SearchResultsItemView.swift; sourceTree = "<group>"; };
		60180C7F24E72A2E00580F45 /* SearchResultObservable.swift */ = {isa = PBXFileReference; lastKnownFileType = sourcecode.swift; path = SearchResultObservable.swift; sourceTree = "<group>"; };
		60180C8324E8814E00580F45 /* SearchDetailsView.swift */ = {isa = PBXFileReference; lastKnownFileType = sourcecode.swift; path = SearchDetailsView.swift; sourceTree = "<group>"; };
		6029F46024F1C38F00C5CA25 /* ImageHelper.swift */ = {isa = PBXFileReference; lastKnownFileType = sourcecode.swift; path = ImageHelper.swift; sourceTree = "<group>"; };
		6052C13424B9077300349F49 /* Board Game Comparison.app */ = {isa = PBXFileReference; explicitFileType = wrapper.application; includeInIndex = 0; path = "Board Game Comparison.app"; sourceTree = BUILT_PRODUCTS_DIR; };
		6052C13724B9077300349F49 /* AppDelegate.swift */ = {isa = PBXFileReference; lastKnownFileType = sourcecode.swift; path = AppDelegate.swift; sourceTree = "<group>"; };
		6052C13924B9077300349F49 /* SceneDelegate.swift */ = {isa = PBXFileReference; lastKnownFileType = sourcecode.swift; path = SceneDelegate.swift; sourceTree = "<group>"; };
		6052C13C24B9077300349F49 /* GameComparison.xcdatamodel */ = {isa = PBXFileReference; lastKnownFileType = wrapper.xcdatamodel; path = GameComparison.xcdatamodel; sourceTree = "<group>"; };
		6052C13E24B9077300349F49 /* ContentView.swift */ = {isa = PBXFileReference; lastKnownFileType = sourcecode.swift; path = ContentView.swift; sourceTree = "<group>"; };
		6052C14024B9077400349F49 /* Assets.xcassets */ = {isa = PBXFileReference; lastKnownFileType = folder.assetcatalog; path = Assets.xcassets; sourceTree = "<group>"; };
		6052C14324B9077400349F49 /* Preview Assets.xcassets */ = {isa = PBXFileReference; lastKnownFileType = folder.assetcatalog; path = "Preview Assets.xcassets"; sourceTree = "<group>"; };
		6052C14624B9077400349F49 /* Base */ = {isa = PBXFileReference; lastKnownFileType = file.storyboard; name = Base; path = Base.lproj/LaunchScreen.storyboard; sourceTree = "<group>"; };
		6052C14824B9077400349F49 /* Info.plist */ = {isa = PBXFileReference; lastKnownFileType = text.plist.xml; path = Info.plist; sourceTree = "<group>"; };
		6052C14D24B9077400349F49 /* GameComparisonTests.xctest */ = {isa = PBXFileReference; explicitFileType = wrapper.cfbundle; includeInIndex = 0; path = GameComparisonTests.xctest; sourceTree = BUILT_PRODUCTS_DIR; };
		6052C15124B9077400349F49 /* GameComparisonTests.swift */ = {isa = PBXFileReference; lastKnownFileType = sourcecode.swift; path = GameComparisonTests.swift; sourceTree = "<group>"; };
		6052C15324B9077400349F49 /* Info.plist */ = {isa = PBXFileReference; lastKnownFileType = text.plist.xml; path = Info.plist; sourceTree = "<group>"; };
		6052C15824B9077400349F49 /* GameComparisonUITests.xctest */ = {isa = PBXFileReference; explicitFileType = wrapper.cfbundle; includeInIndex = 0; path = GameComparisonUITests.xctest; sourceTree = BUILT_PRODUCTS_DIR; };
		6052C15C24B9077400349F49 /* GameComparisonUITests.swift */ = {isa = PBXFileReference; lastKnownFileType = sourcecode.swift; path = GameComparisonUITests.swift; sourceTree = "<group>"; };
		6052C15E24B9077400349F49 /* Info.plist */ = {isa = PBXFileReference; lastKnownFileType = text.plist.xml; path = Info.plist; sourceTree = "<group>"; };
		6069BC8B24E9DDD9006B18BE /* GameComparison.swift */ = {isa = PBXFileReference; lastKnownFileType = sourcecode.swift; path = GameComparison.swift; sourceTree = "<group>"; };
		6073352124C86B7900149440 /* ScannerView.swift */ = {isa = PBXFileReference; lastKnownFileType = sourcecode.swift; path = ScannerView.swift; sourceTree = "<group>"; };
		6073353824D11B6F00149440 /* API.swift */ = {isa = PBXFileReference; lastKnownFileType = sourcecode.swift; path = API.swift; sourceTree = "<group>"; };
		6073353C24D26E4500149440 /* ListItem.swift */ = {isa = PBXFileReference; lastKnownFileType = sourcecode.swift; path = ListItem.swift; sourceTree = "<group>"; };
		6073354124D3BF8C00149440 /* collection.json */ = {isa = PBXFileReference; lastKnownFileType = text.json; path = collection.json; sourceTree = "<group>"; };
		6073354224D3C0A500149440 /* data.swift */ = {isa = PBXFileReference; lastKnownFileType = sourcecode.swift; path = data.swift; sourceTree = "<group>"; };
		6073354524D3CC4900149440 /* ListDetail.swift */ = {isa = PBXFileReference; lastKnownFileType = sourcecode.swift; path = ListDetail.swift; sourceTree = "<group>"; };
		6073354724D3CDDC00149440 /* GameCoverImage.swift */ = {isa = PBXFileReference; lastKnownFileType = sourcecode.swift; path = GameCoverImage.swift; sourceTree = "<group>"; };
		6073357A24D4C76900149440 /* Game+CoreDataClass.swift */ = {isa = PBXFileReference; lastKnownFileType = sourcecode.swift; path = "Game+CoreDataClass.swift"; sourceTree = SOURCE_ROOT; };
		6073357B24D4C76900149440 /* Game+CoreDataProperties.swift */ = {isa = PBXFileReference; lastKnownFileType = sourcecode.swift; path = "Game+CoreDataProperties.swift"; sourceTree = SOURCE_ROOT; };
		6073357C24D4C76900149440 /* GameStatistics+CoreDataClass.swift */ = {isa = PBXFileReference; lastKnownFileType = sourcecode.swift; path = "GameStatistics+CoreDataClass.swift"; sourceTree = SOURCE_ROOT; };
		6073357D24D4C76900149440 /* GameStatistics+CoreDataProperties.swift */ = {isa = PBXFileReference; lastKnownFileType = sourcecode.swift; path = "GameStatistics+CoreDataProperties.swift"; sourceTree = SOURCE_ROOT; };
		6073358224D5203100149440 /* NetworkService.swift */ = {isa = PBXFileReference; lastKnownFileType = sourcecode.swift; path = NetworkService.swift; sourceTree = "<group>"; };
		6073358424D5231000149440 /* CoreDataService.swift */ = {isa = PBXFileReference; lastKnownFileType = sourcecode.swift; path = CoreDataService.swift; sourceTree = "<group>"; };
		6073358624D8BFD700149440 /* Library.swift */ = {isa = PBXFileReference; lastKnownFileType = sourcecode.swift; path = Library.swift; sourceTree = "<group>"; };
		6086D4B1251993E100822CB1 /* QueryStringParameters.swift */ = {isa = PBXFileReference; lastKnownFileType = sourcecode.swift; path = QueryStringParameters.swift; sourceTree = "<group>"; };
		608E0309251D3A0A00E9CB6A /* GoogleService-Info.plist */ = {isa = PBXFileReference; fileEncoding = 4; lastKnownFileType = text.plist.xml; path = "GoogleService-Info.plist"; sourceTree = "<group>"; };
		608E035C252541A400E9CB6A /* CustomError.swift */ = {isa = PBXFileReference; lastKnownFileType = sourcecode.swift; path = CustomError.swift; sourceTree = "<group>"; };
		6093B0B8251A3115001CB8B2 /* AnalysticsService.swift */ = {isa = PBXFileReference; lastKnownFileType = sourcecode.swift; path = AnalysticsService.swift; sourceTree = "<group>"; };
		609572D124E5DA2D00EB257C /* SearchResultsView.swift */ = {isa = PBXFileReference; lastKnownFileType = sourcecode.swift; path = SearchResultsView.swift; sourceTree = "<group>"; };
		609572D324E62E1500EB257C /* searchResultsPreviewData.json */ = {isa = PBXFileReference; lastKnownFileType = text.json; path = searchResultsPreviewData.json; sourceTree = "<group>"; };
		609572D524E702DD00EB257C /* SearchByTitleView.swift */ = {isa = PBXFileReference; lastKnownFileType = sourcecode.swift; path = SearchByTitleView.swift; sourceTree = "<group>"; };
		60C364B3250AB3EA00145987 /* HTMLView.swift */ = {isa = PBXFileReference; lastKnownFileType = sourcecode.swift; path = HTMLView.swift; sourceTree = "<group>"; };
		60C364B8250D646100145987 /* KeychainItemAccessibility.swift */ = {isa = PBXFileReference; lastKnownFileType = sourcecode.swift; path = KeychainItemAccessibility.swift; sourceTree = "<group>"; };
		60C364BA250D648700145987 /* KeychainWrapper.swift */ = {isa = PBXFileReference; lastKnownFileType = sourcecode.swift; path = KeychainWrapper.swift; sourceTree = "<group>"; };
		60C364BC250D6F6400145987 /* Consts.swift */ = {isa = PBXFileReference; lastKnownFileType = sourcecode.swift; path = Consts.swift; sourceTree = "<group>"; };
		60C364BE250DD4DB00145987 /* TermsOfUseView.swift */ = {isa = PBXFileReference; lastKnownFileType = sourcecode.swift; path = TermsOfUseView.swift; sourceTree = "<group>"; };
		60C364C0250F088F00145987 /* UserDefaultService.swift */ = {isa = PBXFileReference; lastKnownFileType = sourcecode.swift; path = UserDefaultService.swift; sourceTree = "<group>"; };
		60C364C22510442300145987 /* TransparentNavigationViewStyle.swift */ = {isa = PBXFileReference; lastKnownFileType = sourcecode.swift; path = TransparentNavigationViewStyle.swift; sourceTree = "<group>"; };
		60C364C525155BF000145987 /* ActivityIndicator.swift */ = {isa = PBXFileReference; lastKnownFileType = sourcecode.swift; path = ActivityIndicator.swift; sourceTree = "<group>"; };
		60C364C725155C3100145987 /* LoadingView.swift */ = {isa = PBXFileReference; lastKnownFileType = sourcecode.swift; path = LoadingView.swift; sourceTree = "<group>"; };
		60D27A062505954100D85276 /* MenuView.swift */ = {isa = PBXFileReference; lastKnownFileType = sourcecode.swift; path = MenuView.swift; sourceTree = "<group>"; };
		60D27A082505955700D85276 /* AboutView.swift */ = {isa = PBXFileReference; lastKnownFileType = sourcecode.swift; path = AboutView.swift; sourceTree = "<group>"; };
		60D27A0B250824A500D85276 /* HamburgerButtonView.swift */ = {isa = PBXFileReference; lastKnownFileType = sourcecode.swift; path = HamburgerButtonView.swift; sourceTree = "<group>"; };
		60D2900E252FA3F0007C3E8E /* TermsOfUse.txt */ = {isa = PBXFileReference; lastKnownFileType = text; path = TermsOfUse.txt; sourceTree = "<group>"; };
		60D6599324ECD13700E233D8 /* LibraryStats.swift */ = {isa = PBXFileReference; lastKnownFileType = sourcecode.swift; path = LibraryStats.swift; sourceTree = "<group>"; };
		60D6599524ED8A5F00E233D8 /* gamecomparison.json */ = {isa = PBXFileReference; lastKnownFileType = text.json; path = gamecomparison.json; sourceTree = "<group>"; };
		60D6599724EDDCD100E233D8 /* ComparsionRowView.swift */ = {isa = PBXFileReference; lastKnownFileType = sourcecode.swift; path = ComparsionRowView.swift; sourceTree = "<group>"; };
		60E8431724C63F3C00D68893 /* HomeView.swift */ = {isa = PBXFileReference; lastKnownFileType = sourcecode.swift; path = HomeView.swift; sourceTree = "<group>"; };
		60E8431924C7B38400D68893 /* CloseButtonView.swift */ = {isa = PBXFileReference; lastKnownFileType = sourcecode.swift; path = CloseButtonView.swift; sourceTree = "<group>"; };
		60FCF8C825258044008B074B /* readme.txt */ = {isa = PBXFileReference; lastKnownFileType = text; path = readme.txt; sourceTree = "<group>"; };
		60FCF8D125258071008B074B /* CDSideMenuConfiguration.swift */ = {isa = PBXFileReference; fileEncoding = 4; lastKnownFileType = sourcecode.swift; path = CDSideMenuConfiguration.swift; sourceTree = "<group>"; };
		60FCF8D225258071008B074B /* CDSideMenuNotification.swift */ = {isa = PBXFileReference; fileEncoding = 4; lastKnownFileType = sourcecode.swift; path = CDSideMenuNotification.swift; sourceTree = "<group>"; };
		60FCF8D325258072008B074B /* CDUserData.swift */ = {isa = PBXFileReference; fileEncoding = 4; lastKnownFileType = sourcecode.swift; path = CDUserData.swift; sourceTree = "<group>"; };
		60FCF8D425258072008B074B /* CDSideMenuItem.swift */ = {isa = PBXFileReference; fileEncoding = 4; lastKnownFileType = sourcecode.swift; path = CDSideMenuItem.swift; sourceTree = "<group>"; };
		60FCF8DD2525808B008B074B /* CDSideMenuButton.swift */ = {isa = PBXFileReference; fileEncoding = 4; lastKnownFileType = sourcecode.swift; path = CDSideMenuButton.swift; sourceTree = "<group>"; };
		60FCF8DE2525808B008B074B /* CDSideMenuItemList.swift */ = {isa = PBXFileReference; fileEncoding = 4; lastKnownFileType = sourcecode.swift; path = CDSideMenuItemList.swift; sourceTree = "<group>"; };
		60FCF8DF2525808B008B074B /* CDSideMenuView.swift */ = {isa = PBXFileReference; fileEncoding = 4; lastKnownFileType = sourcecode.swift; path = CDSideMenuView.swift; sourceTree = "<group>"; };
		60FCF8E02525808B008B074B /* CDSideMenuAccountView.swift */ = {isa = PBXFileReference; fileEncoding = 4; lastKnownFileType = sourcecode.swift; path = CDSideMenuAccountView.swift; sourceTree = "<group>"; };
		60FCF8E12525808B008B074B /* CDSideMenuRow.swift */ = {isa = PBXFileReference; fileEncoding = 4; lastKnownFileType = sourcecode.swift; path = CDSideMenuRow.swift; sourceTree = "<group>"; };
		60FCF8E22525808B008B074B /* CDSideMenuMainView.swift */ = {isa = PBXFileReference; fileEncoding = 4; lastKnownFileType = sourcecode.swift; path = CDSideMenuMainView.swift; sourceTree = "<group>"; };
		60FCF8ED252580A0008B074B /* Color.swift */ = {isa = PBXFileReference; fileEncoding = 4; lastKnownFileType = sourcecode.swift; path = Color.swift; sourceTree = "<group>"; };
		60FCF8EE252580A0008B074B /* String.swift */ = {isa = PBXFileReference; fileEncoding = 4; lastKnownFileType = sourcecode.swift; path = String.swift; sourceTree = "<group>"; };
		60FCF8F5252580B3008B074B /* CDSideMenuViewModifiers.swift */ = {isa = PBXFileReference; fileEncoding = 4; lastKnownFileType = sourcecode.swift; path = CDSideMenuViewModifiers.swift; sourceTree = "<group>"; };
		60FCF8F6252580B3008B074B /* CDViewsModifier.swift */ = {isa = PBXFileReference; fileEncoding = 4; lastKnownFileType = sourcecode.swift; path = CDViewsModifier.swift; sourceTree = "<group>"; };
		60FCF90025282059008B074B /* MenuHelper.swift */ = {isa = PBXFileReference; lastKnownFileType = sourcecode.swift; path = MenuHelper.swift; sourceTree = "<group>"; };
		6D07FEF9EB2B947CC057ABE3 /* Pods-GameComparison-GameComparisonUITests.debug.xcconfig */ = {isa = PBXFileReference; includeInIndex = 1; lastKnownFileType = text.xcconfig; name = "Pods-GameComparison-GameComparisonUITests.debug.xcconfig"; path = "Target Support Files/Pods-GameComparison-GameComparisonUITests/Pods-GameComparison-GameComparisonUITests.debug.xcconfig"; sourceTree = "<group>"; };
		735E42EAEB24F791FC49075D /* Pods_GameComparison_GameComparisonUITests.framework */ = {isa = PBXFileReference; explicitFileType = wrapper.framework; includeInIndex = 0; path = Pods_GameComparison_GameComparisonUITests.framework; sourceTree = BUILT_PRODUCTS_DIR; };
		7B8D7F425C7C22DEAF364883 /* Pods-GameComparisonTests.release.xcconfig */ = {isa = PBXFileReference; includeInIndex = 1; lastKnownFileType = text.xcconfig; name = "Pods-GameComparisonTests.release.xcconfig"; path = "Target Support Files/Pods-GameComparisonTests/Pods-GameComparisonTests.release.xcconfig"; sourceTree = "<group>"; };
		9CF71E6691A24F38C1F8BAF8 /* Pods_GameComparisonTests.framework */ = {isa = PBXFileReference; explicitFileType = wrapper.framework; includeInIndex = 0; path = Pods_GameComparisonTests.framework; sourceTree = BUILT_PRODUCTS_DIR; };
		DD129594D73A7464D2010B82 /* Pods-GameComparison-GameComparisonUITests.release.xcconfig */ = {isa = PBXFileReference; includeInIndex = 1; lastKnownFileType = text.xcconfig; name = "Pods-GameComparison-GameComparisonUITests.release.xcconfig"; path = "Target Support Files/Pods-GameComparison-GameComparisonUITests/Pods-GameComparison-GameComparisonUITests.release.xcconfig"; sourceTree = "<group>"; };
		EF5DC5C229AE113C7758AA1A /* Pods-GameComparison.release.xcconfig */ = {isa = PBXFileReference; includeInIndex = 1; lastKnownFileType = text.xcconfig; name = "Pods-GameComparison.release.xcconfig"; path = "Target Support Files/Pods-GameComparison/Pods-GameComparison.release.xcconfig"; sourceTree = "<group>"; };
/* End PBXFileReference section */

/* Begin PBXFrameworksBuildPhase section */
		6052C13124B9077300349F49 /* Frameworks */ = {
			isa = PBXFrameworksBuildPhase;
			buildActionMask = 2147483647;
			files = (
				98ACBE1F16469FD42AC7D944 /* Pods_GameComparison.framework in Frameworks */,
			);
			runOnlyForDeploymentPostprocessing = 0;
		};
		6052C14A24B9077400349F49 /* Frameworks */ = {
			isa = PBXFrameworksBuildPhase;
			buildActionMask = 2147483647;
			files = (
				9F3FEA282D4717D48883ADEB /* Pods_GameComparisonTests.framework in Frameworks */,
			);
			runOnlyForDeploymentPostprocessing = 0;
		};
		6052C15524B9077400349F49 /* Frameworks */ = {
			isa = PBXFrameworksBuildPhase;
			buildActionMask = 2147483647;
			files = (
				75E28B99362642FED5CD55FE /* Pods_GameComparison_GameComparisonUITests.framework in Frameworks */,
			);
			runOnlyForDeploymentPostprocessing = 0;
		};
/* End PBXFrameworksBuildPhase section */

/* Begin PBXGroup section */
		253D2CB1A6D5E607272F930E /* Frameworks */ = {
			isa = PBXGroup;
			children = (
				4C6087814728D766685DD8A8 /* Pods_GameComparison.framework */,
				735E42EAEB24F791FC49075D /* Pods_GameComparison_GameComparisonUITests.framework */,
				9CF71E6691A24F38C1F8BAF8 /* Pods_GameComparisonTests.framework */,
			);
			name = Frameworks;
			sourceTree = "<group>";
		};
		32953FE4FFCB691D890C3B82 /* Pods */ = {
			isa = PBXGroup;
			children = (
				2AA413960CB20E144521614D /* Pods-GameComparison.debug.xcconfig */,
				EF5DC5C229AE113C7758AA1A /* Pods-GameComparison.release.xcconfig */,
				6D07FEF9EB2B947CC057ABE3 /* Pods-GameComparison-GameComparisonUITests.debug.xcconfig */,
				DD129594D73A7464D2010B82 /* Pods-GameComparison-GameComparisonUITests.release.xcconfig */,
				41205C6662F15BA4BC3259FA /* Pods-GameComparisonTests.debug.xcconfig */,
				7B8D7F425C7C22DEAF364883 /* Pods-GameComparisonTests.release.xcconfig */,
			);
			path = Pods;
			sourceTree = "<group>";
		};
		60180C8124E796CD00580F45 /* ScannerViews */ = {
			isa = PBXGroup;
			children = (
				60139FCD24BF6CF400B3E42E /* ScannerViewControllerRepresentable.swift */,
				6073352124C86B7900149440 /* ScannerView.swift */,
				60139FC724BEB3B300B3E42E /* ScannerViewController.swift */,
			);
			path = ScannerViews;
			sourceTree = "<group>";
		};
		60180C8224E796E200580F45 /* SearchViews */ = {
			isa = PBXGroup;
			children = (
				609572D124E5DA2D00EB257C /* SearchResultsView.swift */,
				609572D524E702DD00EB257C /* SearchByTitleView.swift */,
				60180C8324E8814E00580F45 /* SearchDetailsView.swift */,
				60180C7D24E7124E00580F45 /* SearchResultsItemView.swift */,
				60D6599724EDDCD100E233D8 /* ComparsionRowView.swift */,
			);
			path = SearchViews;
			sourceTree = "<group>";
		};
		6052C12B24B9077300349F49 = {
			isa = PBXGroup;
			children = (
				6052C13624B9077300349F49 /* GameComparison */,
				6052C15024B9077400349F49 /* GameComparisonTests */,
				6052C15B24B9077400349F49 /* GameComparisonUITests */,
				6052C13524B9077300349F49 /* Products */,
				32953FE4FFCB691D890C3B82 /* Pods */,
				253D2CB1A6D5E607272F930E /* Frameworks */,
			);
			sourceTree = "<group>";
		};
		6052C13524B9077300349F49 /* Products */ = {
			isa = PBXGroup;
			children = (
				6052C13424B9077300349F49 /* Board Game Comparison.app */,
				6052C14D24B9077400349F49 /* GameComparisonTests.xctest */,
				6052C15824B9077400349F49 /* GameComparisonUITests.xctest */,
			);
			name = Products;
			sourceTree = "<group>";
		};
		6052C13624B9077300349F49 /* GameComparison */ = {
			isa = PBXGroup;
			children = (
				60FCF8C725258032008B074B /* CDSideMenu */,
				6073357124D4C6AF00149440 /* Core Data Classes */,
				6073352524C927BB00149440 /* Helper */,
				6077FFDA24C63F0400A39BBA /* Views */,
				60954F1F24BFF67C00215AE3 /* Classes */,
				6052C13724B9077300349F49 /* AppDelegate.swift */,
				6052C13924B9077300349F49 /* SceneDelegate.swift */,
				6052C13E24B9077300349F49 /* ContentView.swift */,
				6052C14024B9077400349F49 /* Assets.xcassets */,
				6052C14524B9077400349F49 /* LaunchScreen.storyboard */,
				608E0309251D3A0A00E9CB6A /* GoogleService-Info.plist */,
				6052C14824B9077400349F49 /* Info.plist */,
				6052C13B24B9077300349F49 /* GameComparison.xcdatamodeld */,
				6052C14224B9077400349F49 /* Preview Content */,
				60D2900E252FA3F0007C3E8E /* TermsOfUse.txt */,
			);
			path = GameComparison;
			sourceTree = "<group>";
		};
		6052C14224B9077400349F49 /* Preview Content */ = {
			isa = PBXGroup;
			children = (
				6073354224D3C0A500149440 /* data.swift */,
				6073354024D37CA900149440 /* Data */,
				6052C14324B9077400349F49 /* Preview Assets.xcassets */,
			);
			path = "Preview Content";
			sourceTree = "<group>";
		};
		6052C15024B9077400349F49 /* GameComparisonTests */ = {
			isa = PBXGroup;
			children = (
				6052C15124B9077400349F49 /* GameComparisonTests.swift */,
				6052C15324B9077400349F49 /* Info.plist */,
			);
			path = GameComparisonTests;
			sourceTree = "<group>";
		};
		6052C15B24B9077400349F49 /* GameComparisonUITests */ = {
			isa = PBXGroup;
			children = (
				6052C15C24B9077400349F49 /* GameComparisonUITests.swift */,
				6052C15E24B9077400349F49 /* Info.plist */,
			);
			path = GameComparisonUITests;
			sourceTree = "<group>";
		};
		6073352524C927BB00149440 /* Helper */ = {
			isa = PBXGroup;
			children = (
				6073353824D11B6F00149440 /* API.swift */,
				6029F46024F1C38F00C5CA25 /* ImageHelper.swift */,
				6073358224D5203100149440 /* NetworkService.swift */,
				6073358424D5231000149440 /* CoreDataService.swift */,
				60C364B8250D646100145987 /* KeychainItemAccessibility.swift */,
				60C364BA250D648700145987 /* KeychainWrapper.swift */,
				60C364BC250D6F6400145987 /* Consts.swift */,
				60C364C0250F088F00145987 /* UserDefaultService.swift */,
				6093B0B8251A3115001CB8B2 /* AnalysticsService.swift */,
				60FCF90025282059008B074B /* MenuHelper.swift */,
			);
			path = Helper;
			sourceTree = "<group>";
		};
		6073354024D37CA900149440 /* Data */ = {
			isa = PBXGroup;
			children = (
				609572D324E62E1500EB257C /* searchResultsPreviewData.json */,
				60D6599524ED8A5F00E233D8 /* gamecomparison.json */,
				6073354124D3BF8C00149440 /* collection.json */,
			);
			path = Data;
			sourceTree = "<group>";
		};
		6073357124D4C6AF00149440 /* Core Data Classes */ = {
			isa = PBXGroup;
			children = (
				6073357A24D4C76900149440 /* Game+CoreDataClass.swift */,
				6073357B24D4C76900149440 /* Game+CoreDataProperties.swift */,
				6073357C24D4C76900149440 /* GameStatistics+CoreDataClass.swift */,
				6073357D24D4C76900149440 /* GameStatistics+CoreDataProperties.swift */,
			);
			path = "Core Data Classes";
			sourceTree = "<group>";
		};
		6077FFDA24C63F0400A39BBA /* Views */ = {
			isa = PBXGroup;
			children = (
				60C364C425155BDA00145987 /* LoadingIndicatorViews */,
				60D27A0A2508248A00D85276 /* MenuViews */,
				60180C8224E796E200580F45 /* SearchViews */,
				60180C8124E796CD00580F45 /* ScannerViews */,
				6017FDF924FC97B3006E7A8B /* AddBarcodeView.swift */,
				60E8431724C63F3C00D68893 /* HomeView.swift */,
				60E8431924C7B38400D68893 /* CloseButtonView.swift */,
				6073353C24D26E4500149440 /* ListItem.swift */,
				6073354524D3CC4900149440 /* ListDetail.swift */,
				60C364B3250AB3EA00145987 /* HTMLView.swift */,
				6073354724D3CDDC00149440 /* GameCoverImage.swift */,
				60D27A082505955700D85276 /* AboutView.swift */,
				60C364BE250DD4DB00145987 /* TermsOfUseView.swift */,
			);
			path = Views;
			sourceTree = "<group>";
		};
		60954F1F24BFF67C00215AE3 /* Classes */ = {
			isa = PBXGroup;
			children = (
				6073358624D8BFD700149440 /* Library.swift */,
				60084BA424E4E96D004131D6 /* SearchResult.swift */,
				60180C7F24E72A2E00580F45 /* SearchResultObservable.swift */,
				6069BC8B24E9DDD9006B18BE /* GameComparison.swift */,
				60D6599324ECD13700E233D8 /* LibraryStats.swift */,
				6086D4B1251993E100822CB1 /* QueryStringParameters.swift */,
				608E035C252541A400E9CB6A /* CustomError.swift */,
			);
			path = Classes;
			sourceTree = "<group>";
		};
		60C364C425155BDA00145987 /* LoadingIndicatorViews */ = {
			isa = PBXGroup;
			children = (
				60C364C525155BF000145987 /* ActivityIndicator.swift */,
				60C364C725155C3100145987 /* LoadingView.swift */,
			);
			path = LoadingIndicatorViews;
			sourceTree = "<group>";
		};
		60D27A0A2508248A00D85276 /* MenuViews */ = {
			isa = PBXGroup;
			children = (
				60D27A062505954100D85276 /* MenuView.swift */,
				60D27A0B250824A500D85276 /* HamburgerButtonView.swift */,
				60C364C22510442300145987 /* TransparentNavigationViewStyle.swift */,
			);
			path = MenuViews;
			sourceTree = "<group>";
		};
		60FCF8C725258032008B074B /* CDSideMenu */ = {
			isa = PBXGroup;
			children = (
				60FCF8F4252580A4008B074B /* Modifiers */,
				60FCF8EC25258091008B074B /* Extensions */,
				60FCF8DC25258078008B074B /* Views */,
				60FCF8D02525805B008B074B /* Models */,
				60FCF8C825258044008B074B /* readme.txt */,
			);
			path = CDSideMenu;
			sourceTree = "<group>";
		};
		60FCF8D02525805B008B074B /* Models */ = {
			isa = PBXGroup;
			children = (
				60FCF8D125258071008B074B /* CDSideMenuConfiguration.swift */,
				60FCF8D425258072008B074B /* CDSideMenuItem.swift */,
				60FCF8D225258071008B074B /* CDSideMenuNotification.swift */,
				60FCF8D325258072008B074B /* CDUserData.swift */,
			);
			path = Models;
			sourceTree = "<group>";
		};
		60FCF8DC25258078008B074B /* Views */ = {
			isa = PBXGroup;
			children = (
				60FCF8E02525808B008B074B /* CDSideMenuAccountView.swift */,
				60FCF8DD2525808B008B074B /* CDSideMenuButton.swift */,
				60FCF8DE2525808B008B074B /* CDSideMenuItemList.swift */,
				60FCF8E22525808B008B074B /* CDSideMenuMainView.swift */,
				60FCF8E12525808B008B074B /* CDSideMenuRow.swift */,
				60FCF8DF2525808B008B074B /* CDSideMenuView.swift */,
			);
			path = Views;
			sourceTree = "<group>";
		};
		60FCF8EC25258091008B074B /* Extensions */ = {
			isa = PBXGroup;
			children = (
				60FCF8ED252580A0008B074B /* Color.swift */,
				60FCF8EE252580A0008B074B /* String.swift */,
			);
			path = Extensions;
			sourceTree = "<group>";
		};
		60FCF8F4252580A4008B074B /* Modifiers */ = {
			isa = PBXGroup;
			children = (
				60FCF8F5252580B3008B074B /* CDSideMenuViewModifiers.swift */,
				60FCF8F6252580B3008B074B /* CDViewsModifier.swift */,
			);
			path = Modifiers;
			sourceTree = "<group>";
		};
/* End PBXGroup section */

/* Begin PBXNativeTarget section */
		6052C13324B9077300349F49 /* GameComparison */ = {
			isa = PBXNativeTarget;
			buildConfigurationList = 6052C16124B9077400349F49 /* Build configuration list for PBXNativeTarget "GameComparison" */;
			buildPhases = (
				214399A9152ADFDAE5F9EFCD /* [CP] Check Pods Manifest.lock */,
				6052C13024B9077300349F49 /* Sources */,
				6052C13124B9077300349F49 /* Frameworks */,
				6052C13224B9077300349F49 /* Resources */,
				60AF94DF24EE35B4009935FA /* ShellScript */,
				0BC45F06368E11E6B784C60F /* [CP] Embed Pods Frameworks */,
			);
			buildRules = (
			);
			dependencies = (
			);
			name = GameComparison;
			productName = GameComparison;
			productReference = 6052C13424B9077300349F49 /* Board Game Comparison.app */;
			productType = "com.apple.product-type.application";
		};
		6052C14C24B9077400349F49 /* GameComparisonTests */ = {
			isa = PBXNativeTarget;
			buildConfigurationList = 6052C16424B9077400349F49 /* Build configuration list for PBXNativeTarget "GameComparisonTests" */;
			buildPhases = (
				28C2AD2BA8B48777E1342E8C /* [CP] Check Pods Manifest.lock */,
				6052C14924B9077400349F49 /* Sources */,
				6052C14A24B9077400349F49 /* Frameworks */,
				6052C14B24B9077400349F49 /* Resources */,
			);
			buildRules = (
			);
			dependencies = (
				6052C14F24B9077400349F49 /* PBXTargetDependency */,
			);
			name = GameComparisonTests;
			productName = GameComparisonTests;
			productReference = 6052C14D24B9077400349F49 /* GameComparisonTests.xctest */;
			productType = "com.apple.product-type.bundle.unit-test";
		};
		6052C15724B9077400349F49 /* GameComparisonUITests */ = {
			isa = PBXNativeTarget;
			buildConfigurationList = 6052C16724B9077400349F49 /* Build configuration list for PBXNativeTarget "GameComparisonUITests" */;
			buildPhases = (
				98280A5755385FC9875E4EBF /* [CP] Check Pods Manifest.lock */,
				6052C15424B9077400349F49 /* Sources */,
				6052C15524B9077400349F49 /* Frameworks */,
				6052C15624B9077400349F49 /* Resources */,
				229A98E11FB7049000363E5B /* [CP] Embed Pods Frameworks */,
			);
			buildRules = (
			);
			dependencies = (
				6052C15A24B9077400349F49 /* PBXTargetDependency */,
			);
			name = GameComparisonUITests;
			productName = GameComparisonUITests;
			productReference = 6052C15824B9077400349F49 /* GameComparisonUITests.xctest */;
			productType = "com.apple.product-type.bundle.ui-testing";
		};
/* End PBXNativeTarget section */

/* Begin PBXProject section */
		6052C12C24B9077300349F49 /* Project object */ = {
			isa = PBXProject;
			attributes = {
				LastSwiftUpdateCheck = 1150;
				LastUpgradeCheck = 1200;
				ORGANIZATIONNAME = TheBlindSquirrel;
				TargetAttributes = {
					6052C13324B9077300349F49 = {
						CreatedOnToolsVersion = 11.5;
					};
					6052C14C24B9077400349F49 = {
						CreatedOnToolsVersion = 11.5;
						TestTargetID = 6052C13324B9077300349F49;
					};
					6052C15724B9077400349F49 = {
						CreatedOnToolsVersion = 11.5;
						TestTargetID = 6052C13324B9077300349F49;
					};
				};
			};
			buildConfigurationList = 6052C12F24B9077300349F49 /* Build configuration list for PBXProject "GameComparison" */;
			compatibilityVersion = "Xcode 9.3";
			developmentRegion = en;
			hasScannedForEncodings = 0;
			knownRegions = (
				en,
				Base,
			);
			mainGroup = 6052C12B24B9077300349F49;
			productRefGroup = 6052C13524B9077300349F49 /* Products */;
			projectDirPath = "";
			projectRoot = "";
			targets = (
				6052C13324B9077300349F49 /* GameComparison */,
				6052C14C24B9077400349F49 /* GameComparisonTests */,
				6052C15724B9077400349F49 /* GameComparisonUITests */,
			);
		};
/* End PBXProject section */

/* Begin PBXResourcesBuildPhase section */
		6052C13224B9077300349F49 /* Resources */ = {
			isa = PBXResourcesBuildPhase;
			buildActionMask = 2147483647;
			files = (
				60D6599624ED8A5F00E233D8 /* gamecomparison.json in Resources */,
				6073354424D3C3C200149440 /* collection.json in Resources */,
				6052C14724B9077400349F49 /* LaunchScreen.storyboard in Resources */,
				6052C14424B9077400349F49 /* Preview Assets.xcassets in Resources */,
				60D2900F252FA3F1007C3E8E /* TermsOfUse.txt in Resources */,
				6052C14124B9077400349F49 /* Assets.xcassets in Resources */,
				609572D424E62E1500EB257C /* searchResultsPreviewData.json in Resources */,
				60FCF8C925258044008B074B /* readme.txt in Resources */,
				608E030A251D3A0A00E9CB6A /* GoogleService-Info.plist in Resources */,
			);
			runOnlyForDeploymentPostprocessing = 0;
		};
		6052C14B24B9077400349F49 /* Resources */ = {
			isa = PBXResourcesBuildPhase;
			buildActionMask = 2147483647;
			files = (
			);
			runOnlyForDeploymentPostprocessing = 0;
		};
		6052C15624B9077400349F49 /* Resources */ = {
			isa = PBXResourcesBuildPhase;
			buildActionMask = 2147483647;
			files = (
			);
			runOnlyForDeploymentPostprocessing = 0;
		};
/* End PBXResourcesBuildPhase section */

/* Begin PBXShellScriptBuildPhase section */
		0BC45F06368E11E6B784C60F /* [CP] Embed Pods Frameworks */ = {
			isa = PBXShellScriptBuildPhase;
			buildActionMask = 2147483647;
			files = (
			);
			inputFileListPaths = (
				"${PODS_ROOT}/Target Support Files/Pods-GameComparison/Pods-GameComparison-frameworks-${CONFIGURATION}-input-files.xcfilelist",
			);
			name = "[CP] Embed Pods Frameworks";
			outputFileListPaths = (
				"${PODS_ROOT}/Target Support Files/Pods-GameComparison/Pods-GameComparison-frameworks-${CONFIGURATION}-output-files.xcfilelist",
			);
			runOnlyForDeploymentPostprocessing = 0;
			shellPath = /bin/sh;
			shellScript = "\"${PODS_ROOT}/Target Support Files/Pods-GameComparison/Pods-GameComparison-frameworks.sh\"\n";
			showEnvVarsInLog = 0;
		};
		214399A9152ADFDAE5F9EFCD /* [CP] Check Pods Manifest.lock */ = {
			isa = PBXShellScriptBuildPhase;
			buildActionMask = 2147483647;
			files = (
			);
			inputFileListPaths = (
			);
			inputPaths = (
				"${PODS_PODFILE_DIR_PATH}/Podfile.lock",
				"${PODS_ROOT}/Manifest.lock",
			);
			name = "[CP] Check Pods Manifest.lock";
			outputFileListPaths = (
			);
			outputPaths = (
				"$(DERIVED_FILE_DIR)/Pods-GameComparison-checkManifestLockResult.txt",
			);
			runOnlyForDeploymentPostprocessing = 0;
			shellPath = /bin/sh;
			shellScript = "diff \"${PODS_PODFILE_DIR_PATH}/Podfile.lock\" \"${PODS_ROOT}/Manifest.lock\" > /dev/null\nif [ $? != 0 ] ; then\n    # print error to STDERR\n    echo \"error: The sandbox is not in sync with the Podfile.lock. Run 'pod install' or update your CocoaPods installation.\" >&2\n    exit 1\nfi\n# This output is used by Xcode 'outputs' to avoid re-running this script phase.\necho \"SUCCESS\" > \"${SCRIPT_OUTPUT_FILE_0}\"\n";
			showEnvVarsInLog = 0;
		};
		229A98E11FB7049000363E5B /* [CP] Embed Pods Frameworks */ = {
			isa = PBXShellScriptBuildPhase;
			buildActionMask = 2147483647;
			files = (
			);
			inputFileListPaths = (
				"${PODS_ROOT}/Target Support Files/Pods-GameComparison-GameComparisonUITests/Pods-GameComparison-GameComparisonUITests-frameworks-${CONFIGURATION}-input-files.xcfilelist",
			);
			name = "[CP] Embed Pods Frameworks";
			outputFileListPaths = (
				"${PODS_ROOT}/Target Support Files/Pods-GameComparison-GameComparisonUITests/Pods-GameComparison-GameComparisonUITests-frameworks-${CONFIGURATION}-output-files.xcfilelist",
			);
			runOnlyForDeploymentPostprocessing = 0;
			shellPath = /bin/sh;
			shellScript = "\"${PODS_ROOT}/Target Support Files/Pods-GameComparison-GameComparisonUITests/Pods-GameComparison-GameComparisonUITests-frameworks.sh\"\n";
			showEnvVarsInLog = 0;
		};
		28C2AD2BA8B48777E1342E8C /* [CP] Check Pods Manifest.lock */ = {
			isa = PBXShellScriptBuildPhase;
			buildActionMask = 2147483647;
			files = (
			);
			inputFileListPaths = (
			);
			inputPaths = (
				"${PODS_PODFILE_DIR_PATH}/Podfile.lock",
				"${PODS_ROOT}/Manifest.lock",
			);
			name = "[CP] Check Pods Manifest.lock";
			outputFileListPaths = (
			);
			outputPaths = (
				"$(DERIVED_FILE_DIR)/Pods-GameComparisonTests-checkManifestLockResult.txt",
			);
			runOnlyForDeploymentPostprocessing = 0;
			shellPath = /bin/sh;
			shellScript = "diff \"${PODS_PODFILE_DIR_PATH}/Podfile.lock\" \"${PODS_ROOT}/Manifest.lock\" > /dev/null\nif [ $? != 0 ] ; then\n    # print error to STDERR\n    echo \"error: The sandbox is not in sync with the Podfile.lock. Run 'pod install' or update your CocoaPods installation.\" >&2\n    exit 1\nfi\n# This output is used by Xcode 'outputs' to avoid re-running this script phase.\necho \"SUCCESS\" > \"${SCRIPT_OUTPUT_FILE_0}\"\n";
			showEnvVarsInLog = 0;
		};
		60AF94DF24EE35B4009935FA /* ShellScript */ = {
			isa = PBXShellScriptBuildPhase;
			buildActionMask = 2147483647;
			files = (
			);
			inputFileListPaths = (
			);
			inputPaths = (
				"$(SRCROOT)/$(BUILT_PRODUCTS_DIR)/$(INFOPLIST_PATH)",
				"${DWARF_DSYM_FOLDER_PATH}/${DWARF_DSYM_FILE_NAME}/Contents/Resources/DWARF/${TARGET_NAME}",
			);
			outputFileListPaths = (
			);
			outputPaths = (
			);
			runOnlyForDeploymentPostprocessing = 0;
			shellPath = /bin/sh;
			shellScript = "\"${PODS_ROOT}/FirebaseCrashlytics/run\"\n\n\nTAGS=\"TODO:|FIXME:\"\nERRORTAG=\"WARN:\"\nfind \"${SRCROOT}\" \\( -name \"*.swift\" \\) -print0 | xargs -0 egrep --with-filename --line-number --only-matching \"($TAGS).*\\$|($ERRORTAG).*\\$\" | perl -p -e \"s/($TAGS)/ warning: \\$1/\" | perl -p -e \"s/($ERRORTAG)/ error: \\$1/\"\n";
		};
		98280A5755385FC9875E4EBF /* [CP] Check Pods Manifest.lock */ = {
			isa = PBXShellScriptBuildPhase;
			buildActionMask = 2147483647;
			files = (
			);
			inputFileListPaths = (
			);
			inputPaths = (
				"${PODS_PODFILE_DIR_PATH}/Podfile.lock",
				"${PODS_ROOT}/Manifest.lock",
			);
			name = "[CP] Check Pods Manifest.lock";
			outputFileListPaths = (
			);
			outputPaths = (
				"$(DERIVED_FILE_DIR)/Pods-GameComparison-GameComparisonUITests-checkManifestLockResult.txt",
			);
			runOnlyForDeploymentPostprocessing = 0;
			shellPath = /bin/sh;
			shellScript = "diff \"${PODS_PODFILE_DIR_PATH}/Podfile.lock\" \"${PODS_ROOT}/Manifest.lock\" > /dev/null\nif [ $? != 0 ] ; then\n    # print error to STDERR\n    echo \"error: The sandbox is not in sync with the Podfile.lock. Run 'pod install' or update your CocoaPods installation.\" >&2\n    exit 1\nfi\n# This output is used by Xcode 'outputs' to avoid re-running this script phase.\necho \"SUCCESS\" > \"${SCRIPT_OUTPUT_FILE_0}\"\n";
			showEnvVarsInLog = 0;
		};
/* End PBXShellScriptBuildPhase section */

/* Begin PBXSourcesBuildPhase section */
		6052C13024B9077300349F49 /* Sources */ = {
			isa = PBXSourcesBuildPhase;
			buildActionMask = 2147483647;
			files = (
				60D27A0C250824A500D85276 /* HamburgerButtonView.swift in Sources */,
				60D6599824EDDCD100E233D8 /* ComparsionRowView.swift in Sources */,
				60E8431824C63F3C00D68893 /* HomeView.swift in Sources */,
				60D27A092505955700D85276 /* AboutView.swift in Sources */,
				6052C13824B9077300349F49 /* AppDelegate.swift in Sources */,
				6086D4B2251993E100822CB1 /* QueryStringParameters.swift in Sources */,
				60FCF8E32525808B008B074B /* CDSideMenuButton.swift in Sources */,
				60FCF8E52525808B008B074B /* CDSideMenuView.swift in Sources */,
				60FCF8D825258072008B074B /* CDSideMenuItem.swift in Sources */,
				60FCF8E82525808B008B074B /* CDSideMenuMainView.swift in Sources */,
				60FCF8F7252580B3008B074B /* CDSideMenuViewModifiers.swift in Sources */,
				60C364B4250AB3EA00145987 /* HTMLView.swift in Sources */,
				60FCF8F8252580B3008B074B /* CDViewsModifier.swift in Sources */,
				6017FDFA24FC97B3006E7A8B /* AddBarcodeView.swift in Sources */,
				6052C13A24B9077300349F49 /* SceneDelegate.swift in Sources */,
				60180C7E24E7124E00580F45 /* SearchResultsItemView.swift in Sources */,
				6073358124D4C76900149440 /* GameStatistics+CoreDataProperties.swift in Sources */,
				6073358724D8BFD700149440 /* Library.swift in Sources */,
				6052C13F24B9077300349F49 /* ContentView.swift in Sources */,
				60FCF8EF252580A0008B074B /* Color.swift in Sources */,
				608E035D252541A400E9CB6A /* CustomError.swift in Sources */,
				60FCF8E62525808B008B074B /* CDSideMenuAccountView.swift in Sources */,
				6052C13D24B9077300349F49 /* GameComparison.xcdatamodeld in Sources */,
				6073358024D4C76900149440 /* GameStatistics+CoreDataClass.swift in Sources */,
				60139FCE24BF6CF400B3E42E /* ScannerViewControllerRepresentable.swift in Sources */,
				60FCF8D725258072008B074B /* CDUserData.swift in Sources */,
				60FCF90125282059008B074B /* MenuHelper.swift in Sources */,
				6093B0B9251A3115001CB8B2 /* AnalysticsService.swift in Sources */,
				60C364BF250DD4DB00145987 /* TermsOfUseView.swift in Sources */,
				60084BA524E4E96D004131D6 /* SearchResult.swift in Sources */,
				60C364BD250D6F6400145987 /* Consts.swift in Sources */,
				6073357F24D4C76900149440 /* Game+CoreDataProperties.swift in Sources */,
				60180C8024E72A2E00580F45 /* SearchResultObservable.swift in Sources */,
				60C364C625155BF000145987 /* ActivityIndicator.swift in Sources */,
				6073353D24D26E4500149440 /* ListItem.swift in Sources */,
				609572D624E702DD00EB257C /* SearchByTitleView.swift in Sources */,
				60C364B9250D646100145987 /* KeychainItemAccessibility.swift in Sources */,
				60D6599424ECD13700E233D8 /* LibraryStats.swift in Sources */,
				60C364C825155C3100145987 /* LoadingView.swift in Sources */,
				6073354624D3CC4900149440 /* ListDetail.swift in Sources */,
				60E8431A24C7B38400D68893 /* CloseButtonView.swift in Sources */,
				6073354824D3CDDC00149440 /* GameCoverImage.swift in Sources */,
				6073352224C86B7900149440 /* ScannerView.swift in Sources */,
				60FCF8D525258072008B074B /* CDSideMenuConfiguration.swift in Sources */,
				60FCF8E72525808B008B074B /* CDSideMenuRow.swift in Sources */,
				6073353924D11B6F00149440 /* API.swift in Sources */,
				60C364BB250D648700145987 /* KeychainWrapper.swift in Sources */,
				60FCF8F0252580A0008B074B /* String.swift in Sources */,
				6069BC8C24E9DDD9006B18BE /* GameComparison.swift in Sources */,
				60C364C32510442300145987 /* TransparentNavigationViewStyle.swift in Sources */,
				6073354324D3C0A500149440 /* data.swift in Sources */,
				60C364C1250F088F00145987 /* UserDefaultService.swift in Sources */,
				6073358324D5203100149440 /* NetworkService.swift in Sources */,
				60139FC824BEB3B300B3E42E /* ScannerViewController.swift in Sources */,
				60D27A072505954100D85276 /* MenuView.swift in Sources */,
				6029F46124F1C38F00C5CA25 /* ImageHelper.swift in Sources */,
				60180C8424E8814E00580F45 /* SearchDetailsView.swift in Sources */,
				60FCF8E42525808B008B074B /* CDSideMenuItemList.swift in Sources */,
				6073358524D5231000149440 /* CoreDataService.swift in Sources */,
				60FCF8D625258072008B074B /* CDSideMenuNotification.swift in Sources */,
				6073357E24D4C76900149440 /* Game+CoreDataClass.swift in Sources */,
				609572D224E5DA2D00EB257C /* SearchResultsView.swift in Sources */,
			);
			runOnlyForDeploymentPostprocessing = 0;
		};
		6052C14924B9077400349F49 /* Sources */ = {
			isa = PBXSourcesBuildPhase;
			buildActionMask = 2147483647;
			files = (
				6052C15224B9077400349F49 /* GameComparisonTests.swift in Sources */,
			);
			runOnlyForDeploymentPostprocessing = 0;
		};
		6052C15424B9077400349F49 /* Sources */ = {
			isa = PBXSourcesBuildPhase;
			buildActionMask = 2147483647;
			files = (
				6052C15D24B9077400349F49 /* GameComparisonUITests.swift in Sources */,
			);
			runOnlyForDeploymentPostprocessing = 0;
		};
/* End PBXSourcesBuildPhase section */

/* Begin PBXTargetDependency section */
		6052C14F24B9077400349F49 /* PBXTargetDependency */ = {
			isa = PBXTargetDependency;
			target = 6052C13324B9077300349F49 /* GameComparison */;
			targetProxy = 6052C14E24B9077400349F49 /* PBXContainerItemProxy */;
		};
		6052C15A24B9077400349F49 /* PBXTargetDependency */ = {
			isa = PBXTargetDependency;
			target = 6052C13324B9077300349F49 /* GameComparison */;
			targetProxy = 6052C15924B9077400349F49 /* PBXContainerItemProxy */;
		};
/* End PBXTargetDependency section */

/* Begin PBXVariantGroup section */
		6052C14524B9077400349F49 /* LaunchScreen.storyboard */ = {
			isa = PBXVariantGroup;
			children = (
				6052C14624B9077400349F49 /* Base */,
			);
			name = LaunchScreen.storyboard;
			sourceTree = "<group>";
		};
/* End PBXVariantGroup section */

/* Begin XCBuildConfiguration section */
		6052C15F24B9077400349F49 /* Debug */ = {
			isa = XCBuildConfiguration;
			buildSettings = {
				ALWAYS_SEARCH_USER_PATHS = NO;
				CLANG_ANALYZER_NONNULL = YES;
				CLANG_ANALYZER_NUMBER_OBJECT_CONVERSION = YES_AGGRESSIVE;
				CLANG_CXX_LANGUAGE_STANDARD = "gnu++14";
				CLANG_CXX_LIBRARY = "libc++";
				CLANG_ENABLE_MODULES = YES;
				CLANG_ENABLE_OBJC_ARC = YES;
				CLANG_ENABLE_OBJC_WEAK = YES;
				CLANG_WARN_BLOCK_CAPTURE_AUTORELEASING = YES;
				CLANG_WARN_BOOL_CONVERSION = YES;
				CLANG_WARN_COMMA = YES;
				CLANG_WARN_CONSTANT_CONVERSION = YES;
				CLANG_WARN_DEPRECATED_OBJC_IMPLEMENTATIONS = YES;
				CLANG_WARN_DIRECT_OBJC_ISA_USAGE = YES_ERROR;
				CLANG_WARN_DOCUMENTATION_COMMENTS = YES;
				CLANG_WARN_EMPTY_BODY = YES;
				CLANG_WARN_ENUM_CONVERSION = YES;
				CLANG_WARN_INFINITE_RECURSION = YES;
				CLANG_WARN_INT_CONVERSION = YES;
				CLANG_WARN_NON_LITERAL_NULL_CONVERSION = YES;
				CLANG_WARN_OBJC_IMPLICIT_RETAIN_SELF = YES;
				CLANG_WARN_OBJC_LITERAL_CONVERSION = YES;
				CLANG_WARN_OBJC_ROOT_CLASS = YES_ERROR;
				CLANG_WARN_QUOTED_INCLUDE_IN_FRAMEWORK_HEADER = YES;
				CLANG_WARN_RANGE_LOOP_ANALYSIS = YES;
				CLANG_WARN_STRICT_PROTOTYPES = YES;
				CLANG_WARN_SUSPICIOUS_MOVE = YES;
				CLANG_WARN_UNGUARDED_AVAILABILITY = YES_AGGRESSIVE;
				CLANG_WARN_UNREACHABLE_CODE = YES;
				CLANG_WARN__DUPLICATE_METHOD_MATCH = YES;
				COPY_PHASE_STRIP = NO;
				DEBUG_INFORMATION_FORMAT = dwarf;
				ENABLE_STRICT_OBJC_MSGSEND = YES;
				ENABLE_TESTABILITY = YES;
				GCC_C_LANGUAGE_STANDARD = gnu11;
				GCC_DYNAMIC_NO_PIC = NO;
				GCC_NO_COMMON_BLOCKS = YES;
				GCC_OPTIMIZATION_LEVEL = 0;
				GCC_PREPROCESSOR_DEFINITIONS = (
					"DEBUG=1",
					"$(inherited)",
				);
				GCC_WARN_64_TO_32_BIT_CONVERSION = YES;
				GCC_WARN_ABOUT_RETURN_TYPE = YES_ERROR;
				GCC_WARN_UNDECLARED_SELECTOR = YES;
				GCC_WARN_UNINITIALIZED_AUTOS = YES_AGGRESSIVE;
				GCC_WARN_UNUSED_FUNCTION = YES;
				GCC_WARN_UNUSED_VARIABLE = YES;
				IPHONEOS_DEPLOYMENT_TARGET = 13.0;
				MTL_ENABLE_DEBUG_INFO = INCLUDE_SOURCE;
				MTL_FAST_MATH = YES;
				ONLY_ACTIVE_ARCH = YES;
				SDKROOT = iphoneos;
				SWIFT_ACTIVE_COMPILATION_CONDITIONS = DEBUG;
				SWIFT_OPTIMIZATION_LEVEL = "-Onone";
			};
			name = Debug;
		};
		6052C16024B9077400349F49 /* Release */ = {
			isa = XCBuildConfiguration;
			buildSettings = {
				ALWAYS_SEARCH_USER_PATHS = NO;
				CLANG_ANALYZER_NONNULL = YES;
				CLANG_ANALYZER_NUMBER_OBJECT_CONVERSION = YES_AGGRESSIVE;
				CLANG_CXX_LANGUAGE_STANDARD = "gnu++14";
				CLANG_CXX_LIBRARY = "libc++";
				CLANG_ENABLE_MODULES = YES;
				CLANG_ENABLE_OBJC_ARC = YES;
				CLANG_ENABLE_OBJC_WEAK = YES;
				CLANG_WARN_BLOCK_CAPTURE_AUTORELEASING = YES;
				CLANG_WARN_BOOL_CONVERSION = YES;
				CLANG_WARN_COMMA = YES;
				CLANG_WARN_CONSTANT_CONVERSION = YES;
				CLANG_WARN_DEPRECATED_OBJC_IMPLEMENTATIONS = YES;
				CLANG_WARN_DIRECT_OBJC_ISA_USAGE = YES_ERROR;
				CLANG_WARN_DOCUMENTATION_COMMENTS = YES;
				CLANG_WARN_EMPTY_BODY = YES;
				CLANG_WARN_ENUM_CONVERSION = YES;
				CLANG_WARN_INFINITE_RECURSION = YES;
				CLANG_WARN_INT_CONVERSION = YES;
				CLANG_WARN_NON_LITERAL_NULL_CONVERSION = YES;
				CLANG_WARN_OBJC_IMPLICIT_RETAIN_SELF = YES;
				CLANG_WARN_OBJC_LITERAL_CONVERSION = YES;
				CLANG_WARN_OBJC_ROOT_CLASS = YES_ERROR;
				CLANG_WARN_QUOTED_INCLUDE_IN_FRAMEWORK_HEADER = YES;
				CLANG_WARN_RANGE_LOOP_ANALYSIS = YES;
				CLANG_WARN_STRICT_PROTOTYPES = YES;
				CLANG_WARN_SUSPICIOUS_MOVE = YES;
				CLANG_WARN_UNGUARDED_AVAILABILITY = YES_AGGRESSIVE;
				CLANG_WARN_UNREACHABLE_CODE = YES;
				CLANG_WARN__DUPLICATE_METHOD_MATCH = YES;
				COPY_PHASE_STRIP = NO;
				DEBUG_INFORMATION_FORMAT = "dwarf-with-dsym";
				ENABLE_NS_ASSERTIONS = NO;
				ENABLE_STRICT_OBJC_MSGSEND = YES;
				GCC_C_LANGUAGE_STANDARD = gnu11;
				GCC_NO_COMMON_BLOCKS = YES;
				GCC_WARN_64_TO_32_BIT_CONVERSION = YES;
				GCC_WARN_ABOUT_RETURN_TYPE = YES_ERROR;
				GCC_WARN_UNDECLARED_SELECTOR = YES;
				GCC_WARN_UNINITIALIZED_AUTOS = YES_AGGRESSIVE;
				GCC_WARN_UNUSED_FUNCTION = YES;
				GCC_WARN_UNUSED_VARIABLE = YES;
				IPHONEOS_DEPLOYMENT_TARGET = 13.0;
				MTL_ENABLE_DEBUG_INFO = NO;
				MTL_FAST_MATH = YES;
				SDKROOT = iphoneos;
				SWIFT_COMPILATION_MODE = wholemodule;
				SWIFT_OPTIMIZATION_LEVEL = "-O";
				VALIDATE_PRODUCT = YES;
			};
			name = Release;
		};
		6052C16224B9077400349F49 /* Debug */ = {
			isa = XCBuildConfiguration;
			baseConfigurationReference = 2AA413960CB20E144521614D /* Pods-GameComparison.debug.xcconfig */;
			buildSettings = {
				ASSETCATALOG_COMPILER_APPICON_NAME = AppIcon;
				CODE_SIGN_STYLE = Automatic;
				DEBUG_INFORMATION_FORMAT = "dwarf-with-dsym";
				DEVELOPMENT_ASSET_PATHS = "\"GameComparison/Preview Content\"";
				DEVELOPMENT_TEAM = P69PQLD33H;
				ENABLE_PREVIEWS = YES;
				INFOPLIST_FILE = GameComparison/Info.plist;
				IPHONEOS_DEPLOYMENT_TARGET = 13.0;
				LD_RUNPATH_SEARCH_PATHS = (
					"$(inherited)",
					"@executable_path/Frameworks",
				);
				PRODUCT_BUNDLE_IDENTIFIER = com.blindsqrl.gamecomparisonapp;
				PRODUCT_NAME = "Board Game Comparison";
				SWIFT_VERSION = 5.0;
				TARGETED_DEVICE_FAMILY = 1;
			};
			name = Debug;
		};
		6052C16324B9077400349F49 /* Release */ = {
			isa = XCBuildConfiguration;
			baseConfigurationReference = EF5DC5C229AE113C7758AA1A /* Pods-GameComparison.release.xcconfig */;
			buildSettings = {
				ASSETCATALOG_COMPILER_APPICON_NAME = AppIcon;
				CODE_SIGN_STYLE = Automatic;
				DEVELOPMENT_ASSET_PATHS = "\"GameComparison/Preview Content\"";
				DEVELOPMENT_TEAM = P69PQLD33H;
				ENABLE_PREVIEWS = YES;
				INFOPLIST_FILE = GameComparison/Info.plist;
				IPHONEOS_DEPLOYMENT_TARGET = 13.0;
				LD_RUNPATH_SEARCH_PATHS = (
					"$(inherited)",
					"@executable_path/Frameworks",
				);
				PRODUCT_BUNDLE_IDENTIFIER = com.blindsqrl.gamecomparisonapp;
				PRODUCT_NAME = "Board Game Comparison";
				SWIFT_VERSION = 5.0;
				TARGETED_DEVICE_FAMILY = 1;
			};
			name = Release;
		};
		6052C16524B9077400349F49 /* Debug */ = {
			isa = XCBuildConfiguration;
			baseConfigurationReference = 41205C6662F15BA4BC3259FA /* Pods-GameComparisonTests.debug.xcconfig */;
			buildSettings = {
				ALWAYS_EMBED_SWIFT_STANDARD_LIBRARIES = YES;
				BUNDLE_LOADER = "$(TEST_HOST)";
				CODE_SIGN_STYLE = Automatic;
				DEVELOPMENT_TEAM = P69PQLD33H;
				INFOPLIST_FILE = GameComparisonTests/Info.plist;
				IPHONEOS_DEPLOYMENT_TARGET = 13.5;
				LD_RUNPATH_SEARCH_PATHS = (
					"$(inherited)",
					"@executable_path/Frameworks",
					"@loader_path/Frameworks",
				);
				PRODUCT_BUNDLE_IDENTIFIER = com.blindsqrl.gamecomparison.GameComparisonTests;
				PRODUCT_NAME = "$(TARGET_NAME)";
				SWIFT_VERSION = 5.0;
				TARGETED_DEVICE_FAMILY = "1,2";
				TEST_HOST = "$(BUILT_PRODUCTS_DIR)/GameComparison.app/GameComparison";
			};
			name = Debug;
		};
		6052C16624B9077400349F49 /* Release */ = {
			isa = XCBuildConfiguration;
			baseConfigurationReference = 7B8D7F425C7C22DEAF364883 /* Pods-GameComparisonTests.release.xcconfig */;
			buildSettings = {
				ALWAYS_EMBED_SWIFT_STANDARD_LIBRARIES = YES;
				BUNDLE_LOADER = "$(TEST_HOST)";
				CODE_SIGN_STYLE = Automatic;
				DEVELOPMENT_TEAM = P69PQLD33H;
				INFOPLIST_FILE = GameComparisonTests/Info.plist;
				IPHONEOS_DEPLOYMENT_TARGET = 13.5;
				LD_RUNPATH_SEARCH_PATHS = (
					"$(inherited)",
					"@executable_path/Frameworks",
					"@loader_path/Frameworks",
				);
				PRODUCT_BUNDLE_IDENTIFIER = com.blindsqrl.gamecomparison.GameComparisonTests;
				PRODUCT_NAME = "$(TARGET_NAME)";
				SWIFT_VERSION = 5.0;
				TARGETED_DEVICE_FAMILY = "1,2";
				TEST_HOST = "$(BUILT_PRODUCTS_DIR)/GameComparison.app/GameComparison";
			};
			name = Release;
		};
		6052C16824B9077400349F49 /* Debug */ = {
			isa = XCBuildConfiguration;
			baseConfigurationReference = 6D07FEF9EB2B947CC057ABE3 /* Pods-GameComparison-GameComparisonUITests.debug.xcconfig */;
			buildSettings = {
				ALWAYS_EMBED_SWIFT_STANDARD_LIBRARIES = YES;
				CODE_SIGN_STYLE = Automatic;
				DEVELOPMENT_TEAM = P69PQLD33H;
				INFOPLIST_FILE = GameComparisonUITests/Info.plist;
				LD_RUNPATH_SEARCH_PATHS = (
					"$(inherited)",
					"@executable_path/Frameworks",
					"@loader_path/Frameworks",
				);
				PRODUCT_BUNDLE_IDENTIFIER = com.blindsqrl.gamecomparison.GameComparisonUITests;
				PRODUCT_NAME = "$(TARGET_NAME)";
				SWIFT_VERSION = 5.0;
				TARGETED_DEVICE_FAMILY = "1,2";
				TEST_TARGET_NAME = GameComparison;
			};
			name = Debug;
		};
		6052C16924B9077400349F49 /* Release */ = {
			isa = XCBuildConfiguration;
			baseConfigurationReference = DD129594D73A7464D2010B82 /* Pods-GameComparison-GameComparisonUITests.release.xcconfig */;
			buildSettings = {
				ALWAYS_EMBED_SWIFT_STANDARD_LIBRARIES = YES;
				CODE_SIGN_STYLE = Automatic;
				DEVELOPMENT_TEAM = P69PQLD33H;
				INFOPLIST_FILE = GameComparisonUITests/Info.plist;
				LD_RUNPATH_SEARCH_PATHS = (
					"$(inherited)",
					"@executable_path/Frameworks",
					"@loader_path/Frameworks",
				);
				PRODUCT_BUNDLE_IDENTIFIER = com.blindsqrl.gamecomparison.GameComparisonUITests;
				PRODUCT_NAME = "$(TARGET_NAME)";
				SWIFT_VERSION = 5.0;
				TARGETED_DEVICE_FAMILY = "1,2";
				TEST_TARGET_NAME = GameComparison;
			};
			name = Release;
		};
/* End XCBuildConfiguration section */

/* Begin XCConfigurationList section */
		6052C12F24B9077300349F49 /* Build configuration list for PBXProject "GameComparison" */ = {
			isa = XCConfigurationList;
			buildConfigurations = (
				6052C15F24B9077400349F49 /* Debug */,
				6052C16024B9077400349F49 /* Release */,
			);
			defaultConfigurationIsVisible = 0;
			defaultConfigurationName = Release;
		};
		6052C16124B9077400349F49 /* Build configuration list for PBXNativeTarget "GameComparison" */ = {
			isa = XCConfigurationList;
			buildConfigurations = (
				6052C16224B9077400349F49 /* Debug */,
				6052C16324B9077400349F49 /* Release */,
			);
			defaultConfigurationIsVisible = 0;
			defaultConfigurationName = Release;
		};
		6052C16424B9077400349F49 /* Build configuration list for PBXNativeTarget "GameComparisonTests" */ = {
			isa = XCConfigurationList;
			buildConfigurations = (
				6052C16524B9077400349F49 /* Debug */,
				6052C16624B9077400349F49 /* Release */,
			);
			defaultConfigurationIsVisible = 0;
			defaultConfigurationName = Release;
		};
		6052C16724B9077400349F49 /* Build configuration list for PBXNativeTarget "GameComparisonUITests" */ = {
			isa = XCConfigurationList;
			buildConfigurations = (
				6052C16824B9077400349F49 /* Debug */,
				6052C16924B9077400349F49 /* Release */,
			);
			defaultConfigurationIsVisible = 0;
			defaultConfigurationName = Release;
		};
/* End XCConfigurationList section */

/* Begin XCVersionGroup section */
		6052C13B24B9077300349F49 /* GameComparison.xcdatamodeld */ = {
			isa = XCVersionGroup;
			children = (
				6052C13C24B9077300349F49 /* GameComparison.xcdatamodel */,
			);
			currentVersion = 6052C13C24B9077300349F49 /* GameComparison.xcdatamodel */;
			path = GameComparison.xcdatamodeld;
			sourceTree = "<group>";
			versionGroupType = wrapper.xcdatamodel;
		};
/* End XCVersionGroup section */
	};
	rootObject = 6052C12C24B9077300349F49 /* Project object */;
}
